
Microsoft Visual Studio Solution File, Format Version 12.00
# Visual Studio 15
VisualStudioVersion = 15.0.26124.0
MinimumVisualStudioVersion = 15.0.26124.0
Project("{FAE04EC0-301F-11D3-BF4B-00C04F79EFBC}") = "TeixeiraSoftware.Finance.Money", "src\TeixeiraSoftware.Finance.Money.csproj", "{97F3AAB2-82C7-4FF2-ADCD-DA3DB5B63BD1}"
EndProject
Project("{FAE04EC0-301F-11D3-BF4B-00C04F79EFBC}") = "TeixeiraSoftware.Finance.Money.Test", "test\TeixeiraSoftware.Finance.Money.Test.csproj", "{ED82E7B4-0E63-4B1E-9E32-2A16B0F9CCA0}"
EndProject
Global
	GlobalSection(SolutionConfigurationPlatforms) = preSolution
		Debug|Any CPU = Debug|Any CPU
		Debug|x64 = Debug|x64
		Debug|x86 = Debug|x86
		Release|Any CPU = Release|Any CPU
		Release|x64 = Release|x64
		Release|x86 = Release|x86
	EndGlobalSection
	GlobalSection(SolutionProperties) = preSolution
		HideSolutionNode = FALSE
	EndGlobalSection
	GlobalSection(ProjectConfigurationPlatforms) = postSolution
		{97F3AAB2-82C7-4FF2-ADCD-DA3DB5B63BD1}.Debug|Any CPU.ActiveCfg = Debug|Any CPU
		{97F3AAB2-82C7-4FF2-ADCD-DA3DB5B63BD1}.Debug|Any CPU.Build.0 = Debug|Any CPU
		{97F3AAB2-82C7-4FF2-ADCD-DA3DB5B63BD1}.Debug|x64.ActiveCfg = Debug|x64
		{97F3AAB2-82C7-4FF2-ADCD-DA3DB5B63BD1}.Debug|x64.Build.0 = Debug|x64
		{97F3AAB2-82C7-4FF2-ADCD-DA3DB5B63BD1}.Debug|x86.ActiveCfg = Debug|x86
		{97F3AAB2-82C7-4FF2-ADCD-DA3DB5B63BD1}.Debug|x86.Build.0 = Debug|x86
		{97F3AAB2-82C7-4FF2-ADCD-DA3DB5B63BD1}.Release|Any CPU.ActiveCfg = Release|Any CPU
		{97F3AAB2-82C7-4FF2-ADCD-DA3DB5B63BD1}.Release|Any CPU.Build.0 = Release|Any CPU
		{97F3AAB2-82C7-4FF2-ADCD-DA3DB5B63BD1}.Release|x64.ActiveCfg = Release|x64
		{97F3AAB2-82C7-4FF2-ADCD-DA3DB5B63BD1}.Release|x64.Build.0 = Release|x64
		{97F3AAB2-82C7-4FF2-ADCD-DA3DB5B63BD1}.Release|x86.ActiveCfg = Release|x86
		{97F3AAB2-82C7-4FF2-ADCD-DA3DB5B63BD1}.Release|x86.Build.0 = Release|x86
		{ED82E7B4-0E63-4B1E-9E32-2A16B0F9CCA0}.Debug|Any CPU.ActiveCfg = Debug|Any CPU
		{ED82E7B4-0E63-4B1E-9E32-2A16B0F9CCA0}.Debug|Any CPU.Build.0 = Debug|Any CPU
		{ED82E7B4-0E63-4B1E-9E32-2A16B0F9CCA0}.Debug|x64.ActiveCfg = Debug|x64
		{ED82E7B4-0E63-4B1E-9E32-2A16B0F9CCA0}.Debug|x64.Build.0 = Debug|x64
		{ED82E7B4-0E63-4B1E-9E32-2A16B0F9CCA0}.Debug|x86.ActiveCfg = Debug|x86
		{ED82E7B4-0E63-4B1E-9E32-2A16B0F9CCA0}.Debug|x86.Build.0 = Debug|x86
		{ED82E7B4-0E63-4B1E-9E32-2A16B0F9CCA0}.Release|Any CPU.ActiveCfg = Release|Any CPU
		{ED82E7B4-0E63-4B1E-9E32-2A16B0F9CCA0}.Release|Any CPU.Build.0 = Release|Any CPU
		{ED82E7B4-0E63-4B1E-9E32-2A16B0F9CCA0}.Release|x64.ActiveCfg = Release|x64
		{ED82E7B4-0E63-4B1E-9E32-2A16B0F9CCA0}.Release|x64.Build.0 = Release|x64
		{ED82E7B4-0E63-4B1E-9E32-2A16B0F9CCA0}.Release|x86.ActiveCfg = Release|x86
		{ED82E7B4-0E63-4B1E-9E32-2A16B0F9CCA0}.Release|x86.Build.0 = Release|x86
	EndGlobalSection
EndGlobal
